
Microsoft Visual Studio Solution File, Format Version 12.00
# Visual Studio Version 17
VisualStudioVersion = 17.9.34701.34
MinimumVisualStudioVersion = 10.0.40219.1
Project("{FAE04EC0-301F-11D3-BF4B-00C04F79EFBC}") = "QrKiller", "QrKiller.csproj", "{137D85E4-861A-45A0-83C5-4177BA116F43}"
EndProject
Global
	GlobalSection(SolutionConfigurationPlatforms) = preSolution
		Debug|Any CPU = Debug|Any CPU
		Release|Any CPU = Release|Any CPU
	EndGlobalSection
	GlobalSection(ProjectConfigurationPlatforms) = postSolution
		{137D85E4-861A-45A0-83C5-4177BA116F43}.Debug|Any CPU.ActiveCfg = Debug|Any CPU
		{137D85E4-861A-45A0-83C5-4177BA116F43}.Debug|Any CPU.Build.0 = Debug|Any CPU
		{137D85E4-861A-45A0-83C5-4177BA116F43}.Release|Any CPU.ActiveCfg = Release|Any CPU
		{137D85E4-861A-45A0-83C5-4177BA116F43}.Release|Any CPU.Build.0 = Release|Any CPU
	EndGlobalSection
	GlobalSection(SolutionProperties) = preSolution
		HideSolutionNode = FALSE
	EndGlobalSection
	GlobalSection(ExtensibilityGlobals) = postSolution
		SolutionGuid = {37417964-DFAE-4E2A-8935-2EA0C8B75DBA}
	EndGlobalSection
EndGlobal
